<?xml version="1.0" encoding="utf-8"?>
<Project ToolsVersion="4.0" xmlns="http://schemas.microsoft.com/developer/msbuild/2003">
  <ItemGroup>
    <Filter Include="Source Files">
      <UniqueIdentifier>{4FC737F1-C7A5-4376-A066-2A32D752A2FF}</UniqueIdentifier>
      <Extensions>cpp;c;cc;cxx;def;odl;idl;hpj;bat;asm;asmx</Extensions>
    </Filter>
    <Filter Include="Header Files">
      <UniqueIdentifier>{93995380-89BD-4b04-88EB-625FBE52EBFB}</UniqueIdentifier>
      <Extensions>h;hh;hpp;hxx;hm;inl;inc;xsd</Extensions>
    </Filter>
    <Filter Include="Resource Files">
      <UniqueIdentifier>{67DA6AB6-F800-4c08-8B7A-83BB121AAD01}</UniqueIdentifier>
      <Extensions>rc;ico;cur;bmp;dlg;rc2;rct;bin;rgs;gif;jpg;jpeg;jpe;resx;tiff;tif;png;wav</Extensions>
    </Filter>
    <Filter Include="Source Files\algorithms">
      <UniqueIdentifier>{f40abef4-14eb-413a-9556-8481e29a8dfd}</UniqueIdentifier>
    </Filter>
    <Filter Include="Source Files\data structures">
      <UniqueIdentifier>{84eb7131-61bf-4497-8481-90bca1a321ab}</UniqueIdentifier>
    </Filter>
    <Filter Include="Source Files\stdlib examples">
      <UniqueIdentifier>{35b99561-8689-4f91-9881-27149a3b4749}</UniqueIdentifier>
    </Filter>
  </ItemGroup>
  <ItemGroup>
    <ClCompile Include="algorithms\fun.cpp">
      <Filter>Source Files\algorithms</Filter>
    </ClCompile>
    <ClCompile Include="algorithms\sort.cpp">
      <Filter>Source Files\algorithms</Filter>
    </ClCompile>
    <ClCompile Include="algorithms\wheel.cpp">
      <Filter>Source Files\algorithms</Filter>
    </ClCompile>
    <ClCompile Include="data structures\cuckoo hash table.cpp">
      <Filter>Source Files\data structures</Filter>
    </ClCompile>
    <ClCompile Include="data structures\hash table.cpp">
      <Filter>Source Files\data structures</Filter>
    </ClCompile>
    <ClCompile Include="data structures\static hash table.cpp">
      <Filter>Source Files\data structures</Filter>
    </ClCompile>
    <ClCompile Include="data structures\suffix array.cpp">
      <Filter>Source Files\data structures</Filter>
    </ClCompile>
    <ClCompile Include="data structures\van emde boas tree.cpp">
      <Filter>Source Files\data structures</Filter>
    </ClCompile>
    <ClCompile Include="data structures\bloom filter.cpp">
      <Filter>Source Files\data structures</Filter>
    </ClCompile>
    <ClCompile Include="data structures\rabin-karp.cpp">
      <Filter>Source Files\data structures</Filter>
    </ClCompile>
    <ClCompile Include="algorithms\graph.cpp">
      <Filter>Source Files\algorithms</Filter>
    </ClCompile>
    <ClCompile Include="data structures\kmp.cpp">
      <Filter>Source Files\data structures</Filter>
    </ClCompile>
    <ClCompile Include="algorithms\misc.cpp">
      <Filter>Source Files\algorithms</Filter>
    </ClCompile>
    <ClCompile Include="stdlib examples\allocator.cpp">
      <Filter>Source Files\stdlib examples</Filter>
    </ClCompile>
    <ClCompile Include="stdlib examples\iterator.cpp">
      <Filter>Source Files\stdlib examples</Filter>
    </ClCompile>
    <ClCompile Include="stdlib examples\misc.cpp">
      <Filter>Source Files\stdlib examples</Filter>
    </ClCompile>
    <ClCompile Include="stdlib examples\random.cpp">
      <Filter>Source Files\stdlib examples</Filter>
    </ClCompile>
    <ClCompile Include="stdlib examples\regex.cpp">
      <Filter>Source Files\stdlib examples</Filter>
    </ClCompile>
  </ItemGroup>
  <ItemGroup>
    <ClInclude Include="utility\algorithms.h">
      <Filter>Header Files</Filter>
    </ClInclude>
    <ClInclude Include="utility\data structures.h">
      <Filter>Header Files</Filter>
    </ClInclude>
    <ClInclude Include="utility\typedefs.h">
      <Filter>Header Files</Filter>
    </ClInclude>
    <ClInclude Include="utility\utility.h">
      <Filter>Header Files</Filter>
    </ClInclude>
    <ClInclude Include="utility\array.h">
      <Filter>Header Files</Filter>
    </ClInclude>
  </ItemGroup>
</Project>